
Microsoft Visual Studio Solution File, Format Version 12.00
# Visual Studio Version 17
VisualStudioVersion = 17.8.34511.84
MinimumVisualStudioVersion = 10.0.40219.1
Project("{FAE04EC0-301F-11D3-BF4B-00C04F79EFBC}") = "Team Project Final", "Team Project Final\Team Project Final.csproj", "{BDE34B10-64E3-43C7-8152-3734CC9EF09E}"
EndProject
Project("{FAE04EC0-301F-11D3-BF4B-00C04F79EFBC}") = "Team.Repo", "Team.Repo\Team.Repo.csproj", "{1A4FA97F-62FF-4597-8171-1BCD2DA62F74}"
EndProject
Project("{FAE04EC0-301F-11D3-BF4B-00C04F79EFBC}") = "Team.Service", "Team.Service\Team.Service.csproj", "{7D4748EF-E6CF-496C-BADA-C3B99E25592A}"
EndProject
Global
	GlobalSection(SolutionConfigurationPlatforms) = preSolution
		Debug|Any CPU = Debug|Any CPU
		Release|Any CPU = Release|Any CPU
	EndGlobalSection
	GlobalSection(ProjectConfigurationPlatforms) = postSolution
		{BDE34B10-64E3-43C7-8152-3734CC9EF09E}.Debug|Any CPU.ActiveCfg = Debug|Any CPU
		{BDE34B10-64E3-43C7-8152-3734CC9EF09E}.Debug|Any CPU.Build.0 = Debug|Any CPU
		{BDE34B10-64E3-43C7-8152-3734CC9EF09E}.Release|Any CPU.ActiveCfg = Release|Any CPU
		{BDE34B10-64E3-43C7-8152-3734CC9EF09E}.Release|Any CPU.Build.0 = Release|Any CPU
		{1A4FA97F-62FF-4597-8171-1BCD2DA62F74}.Debug|Any CPU.ActiveCfg = Debug|Any CPU
		{1A4FA97F-62FF-4597-8171-1BCD2DA62F74}.Debug|Any CPU.Build.0 = Debug|Any CPU
		{1A4FA97F-62FF-4597-8171-1BCD2DA62F74}.Release|Any CPU.ActiveCfg = Release|Any CPU
		{1A4FA97F-62FF-4597-8171-1BCD2DA62F74}.Release|Any CPU.Build.0 = Release|Any CPU
		{7D4748EF-E6CF-496C-BADA-C3B99E25592A}.Debug|Any CPU.ActiveCfg = Debug|Any CPU
		{7D4748EF-E6CF-496C-BADA-C3B99E25592A}.Debug|Any CPU.Build.0 = Debug|Any CPU
		{7D4748EF-E6CF-496C-BADA-C3B99E25592A}.Release|Any CPU.ActiveCfg = Release|Any CPU
		{7D4748EF-E6CF-496C-BADA-C3B99E25592A}.Release|Any CPU.Build.0 = Release|Any CPU
	EndGlobalSection
	GlobalSection(SolutionProperties) = preSolution
		HideSolutionNode = FALSE
	EndGlobalSection
	GlobalSection(ExtensibilityGlobals) = postSolution
		SolutionGuid = {777C4B64-1998-42D0-A2DF-1F110B4FBD99}
	EndGlobalSection
EndGlobal
